
Microsoft Visual Studio Solution File, Format Version 12.00
# Visual Studio Version 17
VisualStudioVersion = 17.14.36603.0 d17.14
MinimumVisualStudioVersion = 10.0.40219.1
Project("{FAE04EC0-301F-11D3-BF4B-00C04F79EFBC}") = "ejercicios", "ejercicios\ejercicios.csproj", "{6E262C83-AA3E-4849-B6E7-76483F14B725}"
EndProject
Global
	GlobalSection(SolutionConfigurationPlatforms) = preSolution
		Debug|Any CPU = Debug|Any CPU
		Release|Any CPU = Release|Any CPU
	EndGlobalSection
	GlobalSection(ProjectConfigurationPlatforms) = postSolution
		{6E262C83-AA3E-4849-B6E7-76483F14B725}.Debug|Any CPU.ActiveCfg = Debug|Any CPU
		{6E262C83-AA3E-4849-B6E7-76483F14B725}.Debug|Any CPU.Build.0 = Debug|Any CPU
		{6E262C83-AA3E-4849-B6E7-76483F14B725}.Release|Any CPU.ActiveCfg = Release|Any CPU
		{6E262C83-AA3E-4849-B6E7-76483F14B725}.Release|Any CPU.Build.0 = Release|Any CPU
	EndGlobalSection
	GlobalSection(SolutionProperties) = preSolution
		HideSolutionNode = FALSE
	EndGlobalSection
	GlobalSection(ExtensibilityGlobals) = postSolution
		SolutionGuid = {45AD86D5-5720-478C-B4CD-F10CA73AE7C4}
	EndGlobalSection
EndGlobal
